# THIS IS AN AUTOGENERATED FILE. DO NOT EDIT THIS FILE DIRECTLY.
# yarn lockfile v1


country-data@^0.0.31:
  version "0.0.31"
  resolved "https://registry.yarnpkg.com/country-data/-/country-data-0.0.31.tgz#80966b8e1d147fa6d6a589d32933f8793774956d"
  integrity sha512-YqlY/i6ikZwoBFfdjK+hJTGaBdTgDpXLI15MCj2UsXZ2cPBb+Kx86AXmDH7PRGt0LUleck0cCgNdWeIhfbcxkQ==
  dependencies:
    currency-symbol-map "~2"
    underscore ">1.4.4"

currency-symbol-map@~2:
  version "2.2.0"
  resolved "https://registry.yarnpkg.com/currency-symbol-map/-/currency-symbol-map-2.2.0.tgz#2b3c1872ff1ac2ce595d8273e58e1fff0272aea2"
  integrity sha512-fPZJ3jqM68+AAgqQ7UaGbgHL/39rp6l7GyqS2k1HJPu/kpS8D07x/+Uup6a9tCUKIlOFcRrDCf1qxSt8jnI5BA==

typescript@^2.4:
  version "2.9.2"
  resolved "https://registry.yarnpkg.com/typescript/-/typescript-2.9.2.tgz#1cbf61d05d6b96269244eb6a3bce4bd914e0f00c"
  integrity sha512-Gr4p6nFNaoufRIY4NMdpQRNmgxVIGMs4Fcu/ujdYk3nAZqk7supzBE9idmvfZIlH/Cuj//dvi+019qEue9lV0w==

underscore@>1.4.4, underscore@^1.13.7:
  version "1.13.7"
  resolved "https://registry.yarnpkg.com/underscore/-/underscore-1.13.7.tgz#970e33963af9a7dda228f17ebe8399e5fbe63a10"
  integrity sha512-GMXzWtsc57XAtguZgaQViUOzs0KTkk8ojr3/xAxXLITqf/3EMwxC0inyETfDFjH/Krbhuep0HNbbjI9i/q3F3g==
