# This file is generated by running "yarn install" inside your project.
# Manual changes might be lost - proceed with caution!

__metadata:
  version: 8
  cacheKey: 10c0

"country-data-list@npm:^1.5.5":
  version: 1.5.5
  resolution: "country-data-list@npm:1.5.5"
  checksum: 10c0/5d8e0ceb6e906d67d67d0377d1eb304915cd467fcfa9b8bbada2c566afd124a74e99be89677d4883a092bef8d53e3dbf35a628029da42ae6d64154a8e4e8e254
  languageName: node
  linkType: hard

"luncho-typescript-fetch@workspace:.":
  version: 0.0.0-use.local
  resolution: "luncho-typescript-fetch@workspace:."
  dependencies:
    country-data-list: "npm:^1.5.5"
    typescript: "npm:^2.4"
    underscore: "npm:^1.13.7"
  languageName: unknown
  linkType: soft

"typescript@npm:^2.4":
  version: 2.9.2
  resolution: "typescript@npm:2.9.2"
  bin:
    tsc: ./bin/tsc
    tsserver: ./bin/tsserver
  checksum: 10c0/19d3c0702729e4dd78bccc962b726f2b04dbb95f985c8df974df94b4eb4644a35ae66b4c828f0fdcab4cbb5cb7fdf7fdfa2ec3150619602a4f66ec8848c78013
  languageName: node
  linkType: hard

"typescript@patch:typescript@npm%3A^2.4#optional!builtin<compat/typescript>":
  version: 2.9.2
  resolution: "typescript@patch:typescript@npm%3A2.9.2#optional!builtin<compat/typescript>::version=2.9.2&hash=3bafbf"
  bin:
    tsc: ./bin/tsc
    tsserver: ./bin/tsserver
  checksum: 10c0/bcddd68de2b7732d2b39b3bfe1e95c56fafaa24f5db38bd27af8f98c646aa90094041353fb1a144dabf71655e04f5ba646c55e6391e9c09c429097ed837c07a6
  languageName: node
  linkType: hard

"underscore@npm:^1.13.7":
  version: 1.13.7
  resolution: "underscore@npm:1.13.7"
  checksum: 10c0/fad2b4aac48847674aaf3c30558f383399d4fdafad6dd02dd60e4e1b8103b52c5a9e5937e0cc05dacfd26d6a0132ed0410ab4258241240757e4a4424507471cd
  languageName: node
  linkType: hard
